
Microsoft Visual Studio Solution File, Format Version 12.00
# Visual Studio 15
VisualStudioVersion = 15.0.28307.1169
MinimumVisualStudioVersion = 10.0.40219.1
Project("{9092AA53-FB77-4645-B42D-1CCCA6BD08BD}") = "react-scripts2", "react-scripts2.njsproj", "{D9EE6653-C01B-44CF-961A-941DA2904DF2}"
EndProject
Global
	GlobalSection(SolutionConfigurationPlatforms) = preSolution
		Debug|Any CPU = Debug|Any CPU
		Release|Any CPU = Release|Any CPU
	EndGlobalSection
	GlobalSection(ProjectConfigurationPlatforms) = postSolution
		{D9EE6653-C01B-44CF-961A-941DA2904DF2}.Debug|Any CPU.ActiveCfg = Debug|Any CPU
		{D9EE6653-C01B-44CF-961A-941DA2904DF2}.Debug|Any CPU.Build.0 = Debug|Any CPU
		{D9EE6653-C01B-44CF-961A-941DA2904DF2}.Release|Any CPU.ActiveCfg = Release|Any CPU
		{D9EE6653-C01B-44CF-961A-941DA2904DF2}.Release|Any CPU.Build.0 = Release|Any CPU
	EndGlobalSection
	GlobalSection(SolutionProperties) = preSolution
		HideSolutionNode = FALSE
	EndGlobalSection
	GlobalSection(ExtensibilityGlobals) = postSolution
		SolutionGuid = {E9BFCF38-0DC1-4660-8ED4-827D3385E4EE}
	EndGlobalSection
EndGlobal
